
Microsoft Visual Studio Solution File, Format Version 12.00
# Visual Studio 2013
VisualStudioVersion = 12.0.31101.0
MinimumVisualStudioVersion = 10.0.40219.1
Project("{FAE04EC0-301F-11D3-BF4B-00C04F79EFBC}") = "Task1.Clock", "Task1.Clock\Task1.Clock.csproj", "{3DC8A366-4F54-4A6A-B86C-F1EBDB59BCCE}"
EndProject
Project("{FAE04EC0-301F-11D3-BF4B-00C04F79EFBC}") = "Task1.UI", "Task1.UI\Task1.UI.csproj", "{C477E12E-935F-4649-9C90-DB36FFCD3E5E}"
EndProject
Project("{FAE04EC0-301F-11D3-BF4B-00C04F79EFBC}") = "Task2.FibonacciNumbers", "Task2.FibonacciNumbers\Task2.FibonacciNumbers.csproj", "{26F0B987-7F6C-4569-91B0-2E8E97A9CA0F}"
EndProject
Project("{FAE04EC0-301F-11D3-BF4B-00C04F79EFBC}") = "Task3.Queue", "Task3.Queue\Task3.Queue.csproj", "{B9BB5D9A-7FEB-431E-940D-FF5D2197EA07}"
EndProject
Project("{FAE04EC0-301F-11D3-BF4B-00C04F79EFBC}") = "Task3.Test", "Task3.Test\Task3.Test.csproj", "{067456C0-086C-46A8-B37F-1405717B7BFC}"
EndProject
Global
	GlobalSection(SolutionConfigurationPlatforms) = preSolution
		Debug|Any CPU = Debug|Any CPU
		Release|Any CPU = Release|Any CPU
	EndGlobalSection
	GlobalSection(ProjectConfigurationPlatforms) = postSolution
		{3DC8A366-4F54-4A6A-B86C-F1EBDB59BCCE}.Debug|Any CPU.ActiveCfg = Debug|Any CPU
		{3DC8A366-4F54-4A6A-B86C-F1EBDB59BCCE}.Debug|Any CPU.Build.0 = Debug|Any CPU
		{3DC8A366-4F54-4A6A-B86C-F1EBDB59BCCE}.Release|Any CPU.ActiveCfg = Release|Any CPU
		{3DC8A366-4F54-4A6A-B86C-F1EBDB59BCCE}.Release|Any CPU.Build.0 = Release|Any CPU
		{C477E12E-935F-4649-9C90-DB36FFCD3E5E}.Debug|Any CPU.ActiveCfg = Debug|Any CPU
		{C477E12E-935F-4649-9C90-DB36FFCD3E5E}.Debug|Any CPU.Build.0 = Debug|Any CPU
		{C477E12E-935F-4649-9C90-DB36FFCD3E5E}.Release|Any CPU.ActiveCfg = Release|Any CPU
		{C477E12E-935F-4649-9C90-DB36FFCD3E5E}.Release|Any CPU.Build.0 = Release|Any CPU
		{26F0B987-7F6C-4569-91B0-2E8E97A9CA0F}.Debug|Any CPU.ActiveCfg = Debug|Any CPU
		{26F0B987-7F6C-4569-91B0-2E8E97A9CA0F}.Debug|Any CPU.Build.0 = Debug|Any CPU
		{26F0B987-7F6C-4569-91B0-2E8E97A9CA0F}.Release|Any CPU.ActiveCfg = Release|Any CPU
		{26F0B987-7F6C-4569-91B0-2E8E97A9CA0F}.Release|Any CPU.Build.0 = Release|Any CPU
		{B9BB5D9A-7FEB-431E-940D-FF5D2197EA07}.Debug|Any CPU.ActiveCfg = Debug|Any CPU
		{B9BB5D9A-7FEB-431E-940D-FF5D2197EA07}.Debug|Any CPU.Build.0 = Debug|Any CPU
		{B9BB5D9A-7FEB-431E-940D-FF5D2197EA07}.Release|Any CPU.ActiveCfg = Release|Any CPU
		{B9BB5D9A-7FEB-431E-940D-FF5D2197EA07}.Release|Any CPU.Build.0 = Release|Any CPU
		{067456C0-086C-46A8-B37F-1405717B7BFC}.Debug|Any CPU.ActiveCfg = Debug|Any CPU
		{067456C0-086C-46A8-B37F-1405717B7BFC}.Debug|Any CPU.Build.0 = Debug|Any CPU
		{067456C0-086C-46A8-B37F-1405717B7BFC}.Release|Any CPU.ActiveCfg = Release|Any CPU
		{067456C0-086C-46A8-B37F-1405717B7BFC}.Release|Any CPU.Build.0 = Release|Any CPU
	EndGlobalSection
	GlobalSection(SolutionProperties) = preSolution
		HideSolutionNode = FALSE
	EndGlobalSection
EndGlobal
